
Microsoft Visual Studio Solution File, Format Version 12.00
# Visual Studio Version 16
VisualStudioVersion = 16.0.29728.190
MinimumVisualStudioVersion = 10.0.40219.1
Project("{FAE04EC0-301F-11D3-BF4B-00C04F79EFBC}") = "Web", "Web\Web.csproj", "{E76FD0A6-6757-46BC-B95D-A90AF1504811}"
EndProject
Project("{FAE04EC0-301F-11D3-BF4B-00C04F79EFBC}") = "Core", "Core\Core.csproj", "{2010B4D5-4EDE-4E0F-9659-2EA3C7DA763D}"
EndProject
Project("{FAE04EC0-301F-11D3-BF4B-00C04F79EFBC}") = "Infrastructure", "Infrastructure\Infrastructure.csproj", "{FAE67155-6F9F-4C4B-8053-F17521F5C6CD}"
EndProject
Global
	GlobalSection(SolutionConfigurationPlatforms) = preSolution
		Debug|Any CPU = Debug|Any CPU
		Release|Any CPU = Release|Any CPU
	EndGlobalSection
	GlobalSection(ProjectConfigurationPlatforms) = postSolution
		{E76FD0A6-6757-46BC-B95D-A90AF1504811}.Debug|Any CPU.ActiveCfg = Debug|Any CPU
		{E76FD0A6-6757-46BC-B95D-A90AF1504811}.Debug|Any CPU.Build.0 = Debug|Any CPU
		{E76FD0A6-6757-46BC-B95D-A90AF1504811}.Release|Any CPU.ActiveCfg = Release|Any CPU
		{E76FD0A6-6757-46BC-B95D-A90AF1504811}.Release|Any CPU.Build.0 = Release|Any CPU
		{2010B4D5-4EDE-4E0F-9659-2EA3C7DA763D}.Debug|Any CPU.ActiveCfg = Debug|Any CPU
		{2010B4D5-4EDE-4E0F-9659-2EA3C7DA763D}.Debug|Any CPU.Build.0 = Debug|Any CPU
		{2010B4D5-4EDE-4E0F-9659-2EA3C7DA763D}.Release|Any CPU.ActiveCfg = Release|Any CPU
		{2010B4D5-4EDE-4E0F-9659-2EA3C7DA763D}.Release|Any CPU.Build.0 = Release|Any CPU
		{FAE67155-6F9F-4C4B-8053-F17521F5C6CD}.Debug|Any CPU.ActiveCfg = Debug|Any CPU
		{FAE67155-6F9F-4C4B-8053-F17521F5C6CD}.Debug|Any CPU.Build.0 = Debug|Any CPU
		{FAE67155-6F9F-4C4B-8053-F17521F5C6CD}.Release|Any CPU.ActiveCfg = Release|Any CPU
		{FAE67155-6F9F-4C4B-8053-F17521F5C6CD}.Release|Any CPU.Build.0 = Release|Any CPU
	EndGlobalSection
	GlobalSection(SolutionProperties) = preSolution
		HideSolutionNode = FALSE
	EndGlobalSection
	GlobalSection(ExtensibilityGlobals) = postSolution
		SolutionGuid = {493F5AEF-B23B-45EB-9AB5-1E60A41720FC}
	EndGlobalSection
EndGlobal
